#MicroXplorer Configuration settings - do not modify
PF7.GPIOParameters=GPIO_Label
SH.FMC_D7_DA7.0=FMC_D7,sd-16b-d1
PC7.GPIOParameters=GPIO_Label
SH.FMC_D0_DA0.ConfNb=1
RCC.USART1Freq_Value=72000000
SH.FMC_A8.ConfNb=1
SH.FMC_A4.ConfNb=1
SH.FMC_A0.ConfNb=1
SH.FMC_D6_DA6.ConfNb=1
FMC.SDClockPeriod2=FMC_SDRAM_CLOCK_PERIOD_2
SH.FMC_D9_DA9.ConfNb=1
FMC.RCDDelay1=2
NVIC.I2C1_EV_IRQn=true\:0\:0\:false\:false\:true\:true\:true
FMC.SDClockPeriod1=FMC_SDRAM_CLOCK_PERIOD_2
I2C1.I2C_Speed_Mode=I2C_Fast
SH.FMC_A0.0=FMC_A0,12b-sda1
NVIC.TIM6_DAC_IRQn=true\:0\:0\:false\:false\:true\:true\:true
PG8.Signal=FMC_SDCLK
PG4.Signal=FMC_A14_BA0
RCC.PLLCLKFreq_Value=144000000
PH6.GPIO_Label=P_EN
RCC.PLLQCLKFreq_Value=72000000
PC7.Locked=true
PG0.Signal=FMC_A10
FMC.LoadToActiveDelay1=2
CORTEX_M7.PREFETCH_ENABLE=1
PJ3.GPIOParameters=GPIO_Label
PC6.GPIO_Label=Mux_sel1
SH.FMC_SDNWE.ConfNb=1
USART1.IPParameters=VirtualMode-Asynchronous,OverSampling
SH.FMC_D5_DA5.0=FMC_D5,sd-16b-d1
PinOutPanel.RotationAngle=0
PF6.GPIO_Label=Mux_sel3
RCC.SYSCLKSource=RCC_SYSCLKSOURCE_PLLCLK
SH.FMC_A15_BA1.0=FMC_BA1,FourSdramBanks1
SH.FMC_D9_DA9.0=FMC_D9,sd-16b-d1
RCC.LPTIM1Freq_Value=36000000
NVIC.SVCall_IRQn=true\:0\:0\:false\:false\:true\:true\:false
PJ13.GPIO_Label=LED_RED
PH5.Signal=FMC_SDNWE
PF7.Signal=GPIO_Output
RCC.LCDTFTFreq_Value=96000000
SH.FMC_SDNWE.0=FMC_SDNWE,12b-sda1
SH.FMC_D11_DA11.0=FMC_D11,sd-16b-d1
RCC.I2C4Freq_Value=36000000
RCC.APB2TimFreq_Value=144000000
PC7.Signal=GPIO_Output
SH.FMC_D10_DA10.ConfNb=1
PH1/OSC_OUT.Signal=RCC_OSC_OUT
PD0.Signal=FMC_D2_DA2
RCC.SAI2Freq_Value=128000000
PD8.Signal=FMC_D13_DA13
RCC.USART3Freq_Value=36000000
RCC.PLLSAIRCLKFreq_Value=192000000
ProjectManager.ProjectBuild=false
NVIC.UsageFault_IRQn=true\:0\:0\:false\:false\:true\:true\:false
ADC1.ScanConvMode=ADC_SCAN_ENABLE
PA4.Locked=true
FMC.SelfRefreshTime1=4
ProjectManager.FirmwarePackage=STM32Cube FW_F7 V1.16.0
MxDb.Version=DB.5.0.60
ProjectManager.BackupPrevious=false
PE9.Signal=FMC_D6_DA6
PJ1.GPIOParameters=GPIO_Label
SH.FMC_A2.0=FMC_A2,12b-sda1
SH.FMC_D15_DA15.ConfNb=1
SH.ADCx_IN4.ConfNb=1
SH.FMC_D1_DA1.0=FMC_D1,sd-16b-d1
NVIC.PendSV_IRQn=true\:0\:0\:false\:false\:true\:true\:false
PF3.Signal=FMC_A3
NVIC.I2C1_ER_IRQn=true\:0\:0\:false\:false\:true\:true\:true
PE10.Signal=FMC_D7_DA7
ProjectManager.HalAssertFull=false
ADC1.SamplingTime-0\#ChannelRegularConversion=ADC_SAMPLETIME_56CYCLES
RCC.MCO2PinFreq_Value=144000000
PC8.GPIOParameters=GPIO_Label
Mcu.Package=TFBGA216
PB9.Signal=I2C1_SDA
PJ5.GPIOParameters=GPIO_Label
SH.FMC_SDNCAS.ConfNb=1
VP_SYS_VS_Systick.Signal=SYS_VS_Systick
PJ4.Signal=GPIO_Output
SH.FMC_A11.ConfNb=1
PA10.Signal=USART1_RX
PJ3.Locked=true
PH6.Locked=true
RCC.DFSDMFreq_Value=72000000
FMC.WriteRecoveryTime1=2
PF7.Locked=true
SH.FMC_A1.0=FMC_A1,12b-sda1
PH2.Signal=FMC_SDCKE0
RCC.APB2CLKDivider=RCC_HCLK_DIV2
SH.FMC_SDCLK.0=FMC_SDCLK,12b-sda1
RCC.CECFreq_Value=32786.88524590164
PF14.Signal=FMC_A8
RCC.APB1TimFreq_Value=72000000
NVIC.BusFault_IRQn=true\:0\:0\:false\:false\:true\:true\:false
FMC.RowCycleDelay2=6
FMC.RowCycleDelay1=6
PJ13.GPIOParameters=GPIO_Label
RCC.DFSDMAudioFreq_Value=128000000
NVIC.USART1_IRQn=true\:0\:0\:false\:false\:true\:true\:true
PJ0.Locked=true
PD15.Signal=FMC_D1_DA1
SH.FMC_D3_DA3.0=FMC_D3,sd-16b-d1
ProjectManager.CustomerFirmwarePackage=
PJ1.GPIO_Label=Mux_sel2
RCC.PLLSAIQCLKFreq_Value=128000000
SH.FMC_D3_DA3.ConfNb=1
SH.FMC_A4.0=FMC_A4,12b-sda1
PA0/WKUP.GPIOParameters=GPIO_Label
SH.FMC_A7.ConfNb=1
RCC.PLLQoutputFreq_Value=72000000
ProjectManager.ProjectFileName=STAG_DataLogging.ioc
SH.FMC_A1.ConfNb=1
SH.FMC_A5.ConfNb=1
ADC1.Rank-0\#ChannelRegularConversion=1
Mcu.PinsNb=60
SH.ADCx_IN6.0=ADC1_IN6,IN6
ADC1.IPParameters=Rank-0\#ChannelRegularConversion,master,Channel-0\#ChannelRegularConversion,SamplingTime-0\#ChannelRegularConversion,NbrOfConversionFlag,ScanConvMode,Rank-1\#ChannelRegularConversion,Channel-1\#ChannelRegularConversion,SamplingTime-1\#ChannelRegularConversion,NbrOfConversion,DiscontinuousConvMode,NbrOfDiscConversion
PG5.Signal=FMC_A15_BA1
SH.FMC_D10_DA10.0=FMC_D10,sd-16b-d1
PC6.Signal=GPIO_Output
PD1.Signal=FMC_D3_DA3
SH.GPXTI0.ConfNb=1
RCC.UART8Freq_Value=36000000
RCC.APB1CLKDivider=RCC_HCLK_DIV4
VP_TIM6_VS_ClockSourceINT.Signal=TIM6_VS_ClockSourceINT
PD10.Signal=FMC_D15_DA15
SH.FMC_A3.0=FMC_A3,12b-sda1
PJ3.Signal=GPIO_Output
Mcu.Pin59=VP_TIM7_VS_ClockSourceINT
FMC.CASLatency1=FMC_SDRAM_CAS_LATENCY_2
Mcu.Pin57=VP_SYS_VS_Systick
Mcu.Pin58=VP_TIM6_VS_ClockSourceINT
Mcu.Pin51=PJ1
RCC.USART6Freq_Value=72000000
SH.FMC_D15_DA15.0=FMC_D15,sd-16b-d1
Mcu.Pin52=PE7
Mcu.Pin50=PJ0
CORTEX_M7.ART_ACCLERATOR_ENABLE=1
RCC.PLLDSIVCOFreq_Value=1000000000
Mcu.Pin55=PE15
Mcu.Pin56=PE13
Mcu.Pin53=PE10
Mcu.Pin54=PE12
PC6.Locked=true
PA9.Signal=USART1_TX
I2C1.Timing=0x00301739
PB9.Locked=true
Mcu.Pin48=PE14
Mcu.Pin49=PH6
Mcu.Pin46=PE9
Mcu.Pin47=PE11
Mcu.Pin40=PE8
Mcu.Pin41=PG5
Mcu.Pin44=PF14
Mcu.Pin45=PF11
Mcu.Pin42=PG4
Mcu.Pin43=PA6
PJ4.GPIO_Label=Dmux_EN
ProjectManager.LastFirmware=true
SH.FMC_A6.0=FMC_A6,12b-sda1
PE14.Signal=FMC_D11_DA11
PE15.Signal=FMC_D12_DA12
Mcu.Pin37=PF13
Mcu.Pin38=PG0
Mcu.Pin35=PA0/WKUP
RCC.I2C1Freq_Value=36000000
Mcu.Pin36=PA4
PE8.Signal=FMC_D5_DA5
RCC.PLLI2SPCLKFreq_Value=192000000
SH.FMC_D14_DA14.ConfNb=1
Mcu.Pin39=PJ3
RCC.RNGFreq_Value=72000000
Mcu.Pin30=PF12
RCC.EthernetFreq_Value=144000000
Mcu.Pin33=PJ4
PA0/WKUP.GPIO_Label=BUTTON
Mcu.Pin34=PJ5
Mcu.Pin31=PG1
Mcu.Pin32=PF15
SH.ADCx_IN4.0=ADC1_IN4,IN4
PA9.Locked=true
NVIC.NonMaskableInt_IRQn=true\:0\:0\:false\:false\:true\:true\:false
PF13.Signal=FMC_A7
SH.FMC_SDNCAS.0=FMC_SDNCAS,12b-sda1
ProjectManager.FreePins=false
RCC.PLLI2SQCLKFreq_Value=192000000
PJ1.Locked=true
Mcu.Pin26=PD10
Mcu.Pin27=PD14
Mcu.Pin24=PH2
ProjectManager.UnderRoot=false
Mcu.Pin25=PD15
CORTEX_M7.IPParameters=ART_ACCLERATOR_ENABLE,PREFETCH_ENABLE,CPU_ICache,CPU_DCache
PC7.GPIO_Label=Mux_sel0
Mcu.Pin28=PD9
Mcu.Pin29=PD8
SH.FMC_D7_DA7.ConfNb=1
ADC1.SamplingTime-1\#ChannelRegularConversion=ADC_SAMPLETIME_56CYCLES
PA4.Signal=ADCx_IN4
Mcu.Pin22=PF6
Mcu.Pin23=PF5
Mcu.Pin20=PH3
ADC1.master=1
Mcu.Pin21=PF7
PJ0.GPIOParameters=GPIO_Label
PA10.Locked=true
NVIC.ForceEnableDMAVector=true
NVIC.MemoryManagement_IRQn=true\:0\:0\:false\:false\:true\:true\:false
SH.FMC_A10.ConfNb=1
ProjectManager.CompilerOptimize=6
ADC1.Rank-1\#ChannelRegularConversion=2
SH.FMC_A5.0=FMC_A5,12b-sda1
PJ0.GPIO_Label=Dmux_sel0
SH.FMC_SDNRAS.ConfNb=1
ProjectManager.HeapSize=0x2000
Mcu.Pin15=PF3
NVIC.HardFault_IRQn=true\:0\:0\:false\:false\:true\:true\:false
Mcu.Pin16=PG8
Mcu.Pin13=PC7
Mcu.Pin14=PH1/OSC_OUT
PH6.Signal=GPIO_Output
Mcu.Pin19=PH5
ProjectManager.ComputerToolchain=false
Mcu.Pin17=PC6
Mcu.Pin18=PF4
NVIC.PriorityGroup=NVIC_PRIORITYGROUP_4
Mcu.Pin11=PF2
Mcu.Pin12=PC8
PB8.Mode=I2C
Mcu.Pin10=PH0/OSC_IN
PF4.Signal=FMC_A4
SH.FMC_D12_DA12.ConfNb=1
RCC.I2C2Freq_Value=36000000
RCC.SDMMC2Freq_Value=144000000
Mcu.Family=STM32F7
FMC.IPParameters=SDClockPeriod1,SDClockPeriod2,CASLatency1,LoadToActiveDelay1,ExitSelfRefreshDelay1,WriteRecoveryTime1,RPDelay1,RPDelay2,RCDDelay1,RowCycleDelay1,RowCycleDelay2,SelfRefreshTime1
ProjectManager.MainLocation=Src
SH.FMC_A6.ConfNb=1
SH.FMC_A8.0=FMC_A8,12b-sda1
RCC.SAI1Freq_Value=128000000
RCC.CortexFreq_Value=144000000
SH.FMC_A2.ConfNb=1
ProjectManager.KeepUserCode=true
Mcu.UserName=STM32F769NIHx
SH.FMC_D14_DA14.0=FMC_D14,sd-16b-d1
ProjectManager.functionlistsort=1-MX_GPIO_Init-GPIO-false-HAL-true,2-SystemClock_Config-RCC-false-HAL-false,3-MX_ADC1_Init-ADC1-false-HAL-true,4-MX_CORTEX_M7_Init-CORTEX_M7-false-HAL-true,5-MX_USART1_UART_Init-USART1-false-HAL-true,6-MX_FMC_Init-FMC-false-HAL-true,7-MX_I2C1_Init-I2C1-false-HAL-true,8-MX_TIM6_Init-TIM6-false-HAL-true,9-MX_TIM7_Init-TIM7-false-HAL-true
SH.FMC_D6_DA6.0=FMC_D6,sd-16b-d1
PA0/WKUP.Signal=GPXTI0
RCC.PLLI2SRCLKFreq_Value=192000000
RCC.USART2Freq_Value=36000000
SH.FMC_A14_BA0.0=FMC_BA0,FourSdramBanks1
SH.FMC_A11.0=FMC_A11,12b-sda1
PG15.Signal=FMC_SDNCAS
PJ5.GPIO_Label=LED_GREEN
ProjectManager.StackSize=0x4000
PH3.Mode=SdramChipSelect1_1
RCC.I2C3Freq_Value=36000000
VP_TIM7_VS_ClockSourceINT.Mode=Enable_Timer
Mcu.IP4=NVIC
Mcu.IP5=RCC
RCC.FCLKCortexFreq_Value=144000000
I2C1.IPParameters=Timing,I2C_Speed_Mode
Mcu.IP2=FMC
NVIC.ADC_IRQn=true\:0\:0\:false\:false\:true\:true\:true
Mcu.IP3=I2C1
Mcu.IP0=ADC1
SH.FMC_A7.0=FMC_A7,12b-sda1
Mcu.IP1=CORTEX_M7
Mcu.UserConstants=
RCC.SDMMCFreq_Value=144000000
Mcu.ThirdPartyNb=0
PH0/OSC_IN.Mode=HSE-External-Oscillator
RCC.HCLKFreq_Value=144000000
Mcu.IPNb=10
RCC.PLLI2SRoutputFreq_Value=192000000
ProjectManager.PreviousToolchain=
RCC.SPDIFRXFreq_Value=192000000
PA0/WKUP.Locked=true
PF12.Signal=FMC_A6
Mcu.Pin6=PF0
TIM7.Period=999
Mcu.Pin7=PA10
Mcu.Pin8=PF1
Mcu.Pin9=PA9
RCC.VCOSAIOutputFreq_Value=384000000
SH.FMC_A10.0=FMC_A10,12b-sda1
RCC.AHBFreq_Value=144000000
Mcu.Pin0=PB8
Mcu.Pin1=PB9
GPIO.groupedBy=Group By Peripherals
Mcu.Pin2=PG15
Mcu.Pin3=PJ13
Mcu.Pin4=PD0
Mcu.Pin5=PD1
ADC1.Channel-0\#ChannelRegularConversion=ADC_CHANNEL_4
RCC.HSE_VALUE=25000000
NVIC.DebugMonitor_IRQn=true\:0\:0\:false\:false\:true\:true\:false
SH.FMC_A14_BA0.ConfNb=1
SH.FMC_D8_DA8.0=FMC_D8,sd-16b-d1
FMC.ExitSelfRefreshDelay1=6
FMC.RPDelay2=2
FMC.RPDelay1=2
NVIC.SysTick_IRQn=true\:0\:0\:false\:false\:true\:true\:true
SH.FMC_D2_DA2.0=FMC_D2,sd-16b-d1
VP_TIM7_VS_ClockSourceINT.Signal=TIM7_VS_ClockSourceINT
PE13.Signal=FMC_D10_DA10
PF7.GPIO_Label=Dmux_sel2
RCC.VCOInputFreq_Value=2000000
PF11.Signal=FMC_SDNRAS
File.Version=6
SH.FMC_D5_DA5.ConfNb=1
SH.FMC_D2_DA2.ConfNb=1
PB8.Locked=true
PH6.GPIOParameters=GPIO_Label
TIM6.Period=65535
SH.ADCx_IN6.ConfNb=1
SH.FMC_SDNRAS.0=FMC_SDNRAS,12b-sda1
PH1/OSC_OUT.Mode=HSE-External-Oscillator
ProjectManager.ProjectName=STAG_DataLogging
PJ13.Locked=true
PA6.Signal=ADCx_IN6
SH.FMC_D0_DA0.0=FMC_D0,sd-16b-d1
SH.FMC_D4_DA4.ConfNb=1
ProjectManager.ToolChainLocation=
RCC.LSI_VALUE=32000
SH.GPXTI0.0=GPIO_EXTI0
RCC.DSIFreq_Value=62500000
SH.FMC_A9.0=FMC_A9,12b-sda1
SH.FMC_D4_DA4.0=FMC_D4,sd-16b-d1
PJ1.Signal=GPIO_Output
PF5.Signal=FMC_A5
RCC.PLLSAIQ=3
PJ3.GPIO_Label=Dmux_sel3
PF0.Signal=FMC_A0
PE7.Signal=FMC_D4_DA4
PH2.Mode=SdramChipSelect1_1
NVIC.TIM7_IRQn=true\:0\:0\:false\:false\:true\:true\:true
SH.FMC_A3.ConfNb=1
RCC.I2SFreq_Value=192000000
SH.FMC_A9.ConfNb=1
CORTEX_M7.CPU_ICache=Enabled
RCC.UART7Freq_Value=36000000
PA10.Mode=Asynchronous
ProjectManager.NoMain=false
PG1.Signal=FMC_A11
RCC.PLLRFreq_Value=144000000
SH.FMC_SDCLK.ConfNb=1
PC8.Signal=GPIO_Output
TIM6.Prescaler=71
VP_TIM6_VS_ClockSourceINT.Mode=Enable_Timer
ADC1.DiscontinuousConvMode=ENABLE
ProjectManager.DefaultFWLocation=true
PD9.Signal=FMC_D14_DA14
ProjectManager.DeletePrevious=true
RCC.LCDTFToutputFreq_Value=48000000
boardIOC=true
PinOutPanel.CurrentBGAView=Top
RCC.FamilyName=M
RCC.DSITXEscFreq_Value=15625000
PC8.GPIO_Label=Dmux_sel1
USART1.VirtualMode-Asynchronous=VM_ASYNC
PA9.Mode=Asynchronous
PJ5.Locked=true
SH.FMC_A15_BA1.ConfNb=1
TIM6.IPParameters=Period,Prescaler
PF6.Signal=GPIO_Output
ProjectManager.TargetToolchain=Makefile
PF6.Locked=true
SH.FMC_D13_DA13.0=FMC_D13,sd-16b-d1
SH.FMC_D1_DA1.ConfNb=1
PB9.Mode=I2C
ADC1.Channel-1\#ChannelRegularConversion=ADC_CHANNEL_6
PF2.Signal=FMC_A2
RCC.USBFreq_Value=72000000
RCC.PLLSAIoutputFreq_Value=192000000
PE11.Signal=FMC_D8_DA8
RCC.LSE_VALUE=32768
RCC.VCOI2SOutputFreq_Value=384000000
RCC.PLLSAIPCLKFreq_Value=192000000
TIM7.Prescaler=719
board=STM32F769I-DISC1
RCC.VCOOutputFreq_Value=288000000
ADC1.NbrOfDiscConversion=2
PH0/OSC_IN.Signal=RCC_OSC_IN
RCC.APB2Freq_Value=72000000
RCC.UART4Freq_Value=36000000
TIM7.IPParameters=Prescaler,Period
MxCube.Version=5.6.0
SH.FMC_D13_DA13.ConfNb=1
PJ4.GPIOParameters=GPIO_Label
VP_SYS_VS_Systick.Mode=SysTick
SH.FMC_D12_DA12.0=FMC_D12,sd-16b-d1
PF15.Signal=FMC_A9
PF1.Signal=FMC_A1
SH.FMC_D11_DA11.ConfNb=1
RCC.UART5Freq_Value=36000000
ADC1.NbrOfConversion=2
RCC.IPParameters=AHBFreq_Value,APB1CLKDivider,APB1Freq_Value,APB1TimFreq_Value,APB2CLKDivider,APB2Freq_Value,APB2TimFreq_Value,CECFreq_Value,CortexFreq_Value,DFSDMAudioFreq_Value,DFSDMFreq_Value,DSIFreq_Value,DSITXEscFreq_Value,EthernetFreq_Value,FCLKCortexFreq_Value,FamilyName,HCLKFreq_Value,HSE_VALUE,HSI_VALUE,I2C1Freq_Value,I2C2Freq_Value,I2C3Freq_Value,I2C4Freq_Value,I2SFreq_Value,LCDTFTFreq_Value,LCDTFToutputFreq_Value,LPTIM1Freq_Value,LSE_VALUE,LSI_VALUE,MCO2PinFreq_Value,PLLCLKFreq_Value,PLLDSIVCOFreq_Value,PLLI2SPCLKFreq_Value,PLLI2SQCLKFreq_Value,PLLI2SRCLKFreq_Value,PLLI2SRoutputFreq_Value,PLLM,PLLN,PLLQ,PLLQCLKFreq_Value,PLLQoutputFreq_Value,PLLRFreq_Value,PLLSAIPCLKFreq_Value,PLLSAIQ,PLLSAIQCLKFreq_Value,PLLSAIRCLKFreq_Value,PLLSAIoutputFreq_Value,RNGFreq_Value,SAI1Freq_Value,SAI2Freq_Value,SDMMC2Freq_Value,SDMMCFreq_Value,SPDIFRXFreq_Value,SYSCLKFreq_VALUE,SYSCLKSource,UART4Freq_Value,UART5Freq_Value,UART7Freq_Value,UART8Freq_Value,USART1Freq_Value,USART2Freq_Value,USART3Freq_Value,USART6Freq_Value,USBFreq_Value,VCOI2SOutputFreq_Value,VCOInputFreq_Value,VCOOutputFreq_Value,VCOSAIOutputFreq_Value
PJ0.Signal=GPIO_Output
ProjectManager.AskForMigrate=true
Mcu.Name=STM32F769NIHx
PE12.Signal=FMC_D9_DA9
Mcu.IP8=TIM7
Mcu.IP9=USART1
PD14.Signal=FMC_D0_DA0
Mcu.IP6=SYS
Mcu.IP7=TIM6
ProjectManager.CoupleFile=false
NVIC.EXTI0_IRQn=true\:0\:0\:false\:false\:true\:true\:true
RCC.SYSCLKFreq_VALUE=144000000
USART1.OverSampling=UART_OVERSAMPLING_8
KeepUserPlacement=false
PJ5.Signal=GPIO_Output
PJ4.Locked=true
PF6.GPIOParameters=GPIO_Label
PC6.GPIOParameters=GPIO_Label
RCC.HSI_VALUE=16000000
RCC.PLLQ=4
ADC1.NbrOfConversionFlag=1
PH3.Signal=FMC_SDNE0
RCC.PLLM=8
RCC.PLLN=144
PB8.Signal=I2C1_SCL
PC8.Locked=true
CORTEX_M7.CPU_DCache=Enabled
SH.FMC_D8_DA8.ConfNb=1
RCC.APB1Freq_Value=36000000
ProjectManager.DeviceId=STM32F769NIHx
ProjectManager.LibraryCopy=0
PJ13.Signal=GPIO_Output
PA6.Locked=true
